
Microsoft Visual Studio Solution File, Format Version 12.00
# Visual Studio 15
VisualStudioVersion = 15.0.27703.2047
MinimumVisualStudioVersion = 10.0.40219.1
Project("{2150E333-8FDC-42A3-9474-1A3956D46DE8}") = "src", "src", "{B1F73D55-1C93-4DB0-AEF3-10F4CACFD192}"
EndProject
Project("{FAE04EC0-301F-11D3-BF4B-00C04F79EFBC}") = "getBDUSS.WebApp", "src\getBDUSS.WebApp\getBDUSS.WebApp.csproj", "{1FF7C7F7-E271-43B9-9369-FAD8B8660096}"
EndProject
Global
	GlobalSection(SolutionConfigurationPlatforms) = preSolution
		Debug|Any CPU = Debug|Any CPU
		Release|Any CPU = Release|Any CPU
	EndGlobalSection
	GlobalSection(ProjectConfigurationPlatforms) = postSolution
		{1FF7C7F7-E271-43B9-9369-FAD8B8660096}.Debug|Any CPU.ActiveCfg = Debug|Any CPU
		{1FF7C7F7-E271-43B9-9369-FAD8B8660096}.Debug|Any CPU.Build.0 = Debug|Any CPU
		{1FF7C7F7-E271-43B9-9369-FAD8B8660096}.Release|Any CPU.ActiveCfg = Release|Any CPU
		{1FF7C7F7-E271-43B9-9369-FAD8B8660096}.Release|Any CPU.Build.0 = Release|Any CPU
	EndGlobalSection
	GlobalSection(SolutionProperties) = preSolution
		HideSolutionNode = FALSE
	EndGlobalSection
	GlobalSection(NestedProjects) = preSolution
		{1FF7C7F7-E271-43B9-9369-FAD8B8660096} = {B1F73D55-1C93-4DB0-AEF3-10F4CACFD192}
	EndGlobalSection
	GlobalSection(ExtensibilityGlobals) = postSolution
		SolutionGuid = {236EEBC6-0D0A-4D78-ACA7-0A1F62076E20}
	EndGlobalSection
EndGlobal
